
Microsoft Visual Studio Solution File, Format Version 12.00
# Visual Studio Version 16
VisualStudioVersion = 16.0.31624.102
MinimumVisualStudioVersion = 10.0.40219.1
Project("{FAE04EC0-301F-11D3-BF4B-00C04F79EFBC}") = "PMQL-banhang", "PMQL-banhang\PMQL-banhang.csproj", "{CC7BE74A-3710-421A-8684-56F20C43AD05}"
EndProject
Global
	GlobalSection(SolutionConfigurationPlatforms) = preSolution
		Debug|Any CPU = Debug|Any CPU
		Release|Any CPU = Release|Any CPU
	EndGlobalSection
	GlobalSection(ProjectConfigurationPlatforms) = postSolution
		{CC7BE74A-3710-421A-8684-56F20C43AD05}.Debug|Any CPU.ActiveCfg = Debug|Any CPU
		{CC7BE74A-3710-421A-8684-56F20C43AD05}.Debug|Any CPU.Build.0 = Debug|Any CPU
		{CC7BE74A-3710-421A-8684-56F20C43AD05}.Release|Any CPU.ActiveCfg = Release|Any CPU
		{CC7BE74A-3710-421A-8684-56F20C43AD05}.Release|Any CPU.Build.0 = Release|Any CPU
	EndGlobalSection
	GlobalSection(SolutionProperties) = preSolution
		HideSolutionNode = FALSE
	EndGlobalSection
	GlobalSection(ExtensibilityGlobals) = postSolution
		SolutionGuid = {35C31C95-966F-4DB5-99E1-466F7467359F}
	EndGlobalSection
EndGlobal
